{
  "name": "paps-fsm",
  "version": "1.0.0",
  "lockfileVersion": 1,
  "requires": true,
  "dependencies": {
    "com.iptech.nsubstitute": {
      "version": "1.0.1",
      "resolved": "https://registry.npmjs.org/com.iptech.nsubstitute/-/com.iptech.nsubstitute-1.0.1.tgz",
      "integrity": "sha1-c0WVkLWQL35uoWOP5hsOqgYbgAA=",
      "dev": true
    }
  }
}
